
Microsoft Visual Studio Solution File, Format Version 12.00
# Visual Studio Version 17
VisualStudioVersion = 17.1.32421.90
MinimumVisualStudioVersion = 10.0.40219.1
Project("{2150E333-8FDC-42A3-9474-1A3956D46DE8}") = "Src", "Src", "{95831CF8-3872-47C7-9B3F-2D9E29CE1880}"
EndProject
Project("{2150E333-8FDC-42A3-9474-1A3956D46DE8}") = "Core", "Core", "{5E7FB793-BB62-49BA-BB3A-619CA7AB00B7}"
EndProject
Project("{2150E333-8FDC-42A3-9474-1A3956D46DE8}") = "Infrastructures", "Infrastructures", "{B1362F9C-2E8A-4101-81E3-2F7570DA8976}"
EndProject
Project("{2150E333-8FDC-42A3-9474-1A3956D46DE8}") = "Persentations", "Persentations", "{9B4B5C9D-2027-4327-A618-26E714FEE7AF}"
EndProject
Project("{2150E333-8FDC-42A3-9474-1A3956D46DE8}") = "Persistence", "Persistence", "{714D0C4C-C638-4B50-8296-D41648C9D02A}"
EndProject
Project("{FAE04EC0-301F-11D3-BF4B-00C04F79EFBC}") = "Domain", "Domain\Domain.csproj", "{5B472C28-2198-4A4E-BE17-22EADC9B14FE}"
EndProject
Project("{FAE04EC0-301F-11D3-BF4B-00C04F79EFBC}") = "Application", "Application\Application.csproj", "{CA8F8D75-00EF-41C4-AF83-97B5E0677CC5}"
EndProject
Project("{FAE04EC0-301F-11D3-BF4B-00C04F79EFBC}") = "Infrastructure", "Infrastructure\Infrastructure.csproj", "{6601C29F-E806-4053-9EAC-13381CB12E2A}"
EndProject
Project("{FAE04EC0-301F-11D3-BF4B-00C04F79EFBC}") = "WebUI", "WebUI\WebUI.csproj", "{F5598C8D-5831-4347-ACC0-0389A592A74C}"
EndProject
Project("{FAE04EC0-301F-11D3-BF4B-00C04F79EFBC}") = "Persistence", "Persistence\Persistence.csproj", "{6C5E79B3-1685-4833-AA45-56605FDF10B5}"
EndProject
Global
	GlobalSection(SolutionConfigurationPlatforms) = preSolution
		Debug|Any CPU = Debug|Any CPU
		Release|Any CPU = Release|Any CPU
	EndGlobalSection
	GlobalSection(ProjectConfigurationPlatforms) = postSolution
		{5B472C28-2198-4A4E-BE17-22EADC9B14FE}.Debug|Any CPU.ActiveCfg = Debug|Any CPU
		{5B472C28-2198-4A4E-BE17-22EADC9B14FE}.Debug|Any CPU.Build.0 = Debug|Any CPU
		{5B472C28-2198-4A4E-BE17-22EADC9B14FE}.Release|Any CPU.ActiveCfg = Release|Any CPU
		{5B472C28-2198-4A4E-BE17-22EADC9B14FE}.Release|Any CPU.Build.0 = Release|Any CPU
		{CA8F8D75-00EF-41C4-AF83-97B5E0677CC5}.Debug|Any CPU.ActiveCfg = Debug|Any CPU
		{CA8F8D75-00EF-41C4-AF83-97B5E0677CC5}.Debug|Any CPU.Build.0 = Debug|Any CPU
		{CA8F8D75-00EF-41C4-AF83-97B5E0677CC5}.Release|Any CPU.ActiveCfg = Release|Any CPU
		{CA8F8D75-00EF-41C4-AF83-97B5E0677CC5}.Release|Any CPU.Build.0 = Release|Any CPU
		{6601C29F-E806-4053-9EAC-13381CB12E2A}.Debug|Any CPU.ActiveCfg = Debug|Any CPU
		{6601C29F-E806-4053-9EAC-13381CB12E2A}.Debug|Any CPU.Build.0 = Debug|Any CPU
		{6601C29F-E806-4053-9EAC-13381CB12E2A}.Release|Any CPU.ActiveCfg = Release|Any CPU
		{6601C29F-E806-4053-9EAC-13381CB12E2A}.Release|Any CPU.Build.0 = Release|Any CPU
		{F5598C8D-5831-4347-ACC0-0389A592A74C}.Debug|Any CPU.ActiveCfg = Debug|Any CPU
		{F5598C8D-5831-4347-ACC0-0389A592A74C}.Debug|Any CPU.Build.0 = Debug|Any CPU
		{F5598C8D-5831-4347-ACC0-0389A592A74C}.Release|Any CPU.ActiveCfg = Release|Any CPU
		{F5598C8D-5831-4347-ACC0-0389A592A74C}.Release|Any CPU.Build.0 = Release|Any CPU
		{6C5E79B3-1685-4833-AA45-56605FDF10B5}.Debug|Any CPU.ActiveCfg = Debug|Any CPU
		{6C5E79B3-1685-4833-AA45-56605FDF10B5}.Debug|Any CPU.Build.0 = Debug|Any CPU
		{6C5E79B3-1685-4833-AA45-56605FDF10B5}.Release|Any CPU.ActiveCfg = Release|Any CPU
		{6C5E79B3-1685-4833-AA45-56605FDF10B5}.Release|Any CPU.Build.0 = Release|Any CPU
	EndGlobalSection
	GlobalSection(SolutionProperties) = preSolution
		HideSolutionNode = FALSE
	EndGlobalSection
	GlobalSection(NestedProjects) = preSolution
		{5E7FB793-BB62-49BA-BB3A-619CA7AB00B7} = {95831CF8-3872-47C7-9B3F-2D9E29CE1880}
		{B1362F9C-2E8A-4101-81E3-2F7570DA8976} = {95831CF8-3872-47C7-9B3F-2D9E29CE1880}
		{9B4B5C9D-2027-4327-A618-26E714FEE7AF} = {95831CF8-3872-47C7-9B3F-2D9E29CE1880}
		{714D0C4C-C638-4B50-8296-D41648C9D02A} = {95831CF8-3872-47C7-9B3F-2D9E29CE1880}
		{5B472C28-2198-4A4E-BE17-22EADC9B14FE} = {5E7FB793-BB62-49BA-BB3A-619CA7AB00B7}
		{CA8F8D75-00EF-41C4-AF83-97B5E0677CC5} = {5E7FB793-BB62-49BA-BB3A-619CA7AB00B7}
		{6601C29F-E806-4053-9EAC-13381CB12E2A} = {B1362F9C-2E8A-4101-81E3-2F7570DA8976}
		{F5598C8D-5831-4347-ACC0-0389A592A74C} = {9B4B5C9D-2027-4327-A618-26E714FEE7AF}
		{6C5E79B3-1685-4833-AA45-56605FDF10B5} = {714D0C4C-C638-4B50-8296-D41648C9D02A}
	EndGlobalSection
	GlobalSection(ExtensibilityGlobals) = postSolution
		SolutionGuid = {B298D57B-815E-4B88-B44D-F556294D5B53}
	EndGlobalSection
EndGlobal
